
Microsoft Visual Studio Solution File, Format Version 12.00
# Visual Studio Version 17
VisualStudioVersion = 17.13.35825.156 d17.13
MinimumVisualStudioVersion = 10.0.40219.1
Project("{FAE04EC0-301F-11D3-BF4B-00C04F79EFBC}") = "Db1", "Db1\Db1.csproj", "{D27A4E70-ACDC-4913-999F-0C559927EE7F}"
EndProject
Global
	GlobalSection(SolutionConfigurationPlatforms) = preSolution
		Debug|Any CPU = Debug|Any CPU
		Release|Any CPU = Release|Any CPU
	EndGlobalSection
	GlobalSection(ProjectConfigurationPlatforms) = postSolution
		{D27A4E70-ACDC-4913-999F-0C559927EE7F}.Debug|Any CPU.ActiveCfg = Debug|Any CPU
		{D27A4E70-ACDC-4913-999F-0C559927EE7F}.Debug|Any CPU.Build.0 = Debug|Any CPU
		{D27A4E70-ACDC-4913-999F-0C559927EE7F}.Release|Any CPU.ActiveCfg = Release|Any CPU
		{D27A4E70-ACDC-4913-999F-0C559927EE7F}.Release|Any CPU.Build.0 = Release|Any CPU
	EndGlobalSection
	GlobalSection(SolutionProperties) = preSolution
		HideSolutionNode = FALSE
	EndGlobalSection
	GlobalSection(ExtensibilityGlobals) = postSolution
		SolutionGuid = {05431487-AFF3-4D82-A8DE-8039A1379611}
	EndGlobalSection
EndGlobal
